
Microsoft Visual Studio Solution File, Format Version 12.00
# Visual Studio Version 16
VisualStudioVersion = 16.0.30413.136
MinimumVisualStudioVersion = 10.0.40219.1
Project("{FAE04EC0-301F-11D3-BF4B-00C04F79EFBC}") = "Abstrakciya", "Abstrakciya\Abstrakciya.csproj", "{A0C12C81-6557-4B52-954F-6017A63A48A6}"
EndProject
Global
	GlobalSection(SolutionConfigurationPlatforms) = preSolution
		Debug|Any CPU = Debug|Any CPU
		Release|Any CPU = Release|Any CPU
	EndGlobalSection
	GlobalSection(ProjectConfigurationPlatforms) = postSolution
		{A0C12C81-6557-4B52-954F-6017A63A48A6}.Debug|Any CPU.ActiveCfg = Debug|Any CPU
		{A0C12C81-6557-4B52-954F-6017A63A48A6}.Debug|Any CPU.Build.0 = Debug|Any CPU
		{A0C12C81-6557-4B52-954F-6017A63A48A6}.Release|Any CPU.ActiveCfg = Release|Any CPU
		{A0C12C81-6557-4B52-954F-6017A63A48A6}.Release|Any CPU.Build.0 = Release|Any CPU
	EndGlobalSection
	GlobalSection(SolutionProperties) = preSolution
		HideSolutionNode = FALSE
	EndGlobalSection
	GlobalSection(ExtensibilityGlobals) = postSolution
		SolutionGuid = {B272DC99-B45E-4B20-BA65-6353F9F433D6}
	EndGlobalSection
EndGlobal
